// !$*UTF8*$!
{
	archiveVersion = 1;
	classes = {
	};
	objectVersion = 56;
	objects = {

/* Begin PBXBuildFile section */
		421BF6DB2C2097390097B3AE /* Homepage.swift in Sources */ = {isa = PBXBuildFile; fileRef = 421BF6DA2C2097390097B3AE /* Homepage.swift */; };
		6101152B2C21D013005CC443 /* SupabaseLogic.swift in Sources */ = {isa = PBXBuildFile; fileRef = 6101152A2C21D013005CC443 /* SupabaseLogic.swift */; };
		6111BE2E2C14F9F200B17BB8 /* ProcessOneLogic.swift in Sources */ = {isa = PBXBuildFile; fileRef = 6111BE2D2C14F9F200B17BB8 /* ProcessOneLogic.swift */; };
		6111BE322C14FBBF00B17BB8 /* AddExerciseLogic.swift in Sources */ = {isa = PBXBuildFile; fileRef = 6111BE312C14FBBF00B17BB8 /* AddExerciseLogic.swift */; };
		6111BE342C14FFEB00B17BB8 /* ExcerciseButtonView.swift in Sources */ = {isa = PBXBuildFile; fileRef = 6111BE332C14FFEB00B17BB8 /* ExcerciseButtonView.swift */; };
		6111BE392C15058600B17BB8 /* AddMealForm.swift in Sources */ = {isa = PBXBuildFile; fileRef = 6111BE382C15058600B17BB8 /* AddMealForm.swift */; };
		6111BE3B2C1506B000B17BB8 /* AddMealUI.swift in Sources */ = {isa = PBXBuildFile; fileRef = 6111BE3A2C1506B000B17BB8 /* AddMealUI.swift */; };
		611C71882BFE785D002F9BB6 /* AddWorkout.swift in Sources */ = {isa = PBXBuildFile; fileRef = 611C71872BFE785D002F9BB6 /* AddWorkout.swift */; };
		611C718A2BFE7E37002F9BB6 /* AddExercise.swift in Sources */ = {isa = PBXBuildFile; fileRef = 611C71892BFE7E37002F9BB6 /* AddExercise.swift */; };
		6126E5142BE25FD70066E3A7 /* Assets.xcassets in Resources */ = {isa = PBXBuildFile; fileRef = DA80AFFA2BDFEE6400980333 /* Assets.xcassets */; };
		6135F5B82C0E5752004138D9 /* ActivityButtomView.swift in Sources */ = {isa = PBXBuildFile; fileRef = 6135F5B72C0E5752004138D9 /* ActivityButtomView.swift */; };
		6135F5BA2C0E582E004138D9 /* ProcessTwoLogic.swift in Sources */ = {isa = PBXBuildFile; fileRef = 6135F5B92C0E582E004138D9 /* ProcessTwoLogic.swift */; };
		6135F5C02C0E86A2004138D9 /* ProcessThreeLogic.swift in Sources */ = {isa = PBXBuildFile; fileRef = 6135F5BF2C0E86A2004138D9 /* ProcessThreeLogic.swift */; };
		6135F5C32C0E8711004138D9 /* ButtonView.swift in Sources */ = {isa = PBXBuildFile; fileRef = 6135F5C22C0E8711004138D9 /* ButtonView.swift */; };
		616878BE2C1A286800A35247 /* CalorieCalculator.swift in Sources */ = {isa = PBXBuildFile; fileRef = 616878BD2C1A286800A35247 /* CalorieCalculator.swift */; };
		616878C12C1A431800A35247 /* LogInUI.swift in Sources */ = {isa = PBXBuildFile; fileRef = 616878C02C1A431700A35247 /* LogInUI.swift */; };
		616878C32C1A432600A35247 /* LogInLogic.swift in Sources */ = {isa = PBXBuildFile; fileRef = 616878C22C1A432600A35247 /* LogInLogic.swift */; };
		617639B72BEFDB900057D0A4 /* ProcessThree.swift in Sources */ = {isa = PBXBuildFile; fileRef = 617639B62BEFDB900057D0A4 /* ProcessThree.swift */; };
		6177EFCF2C22662600316DF6 /* UserProfileStruct.swift in Sources */ = {isa = PBXBuildFile; fileRef = 6177EFCE2C22662600316DF6 /* UserProfileStruct.swift */; };
		617800B82C234EC60021FCC6 /* UserProfileGather.swift in Sources */ = {isa = PBXBuildFile; fileRef = 617800B72C234EC60021FCC6 /* UserProfileGather.swift */; };
		617C34562C1646F3004FC095 /* SearchBarMeal.swift in Sources */ = {isa = PBXBuildFile; fileRef = 617C34552C1646F3004FC095 /* SearchBarMeal.swift */; };
		617C34582C164B78004FC095 /* FoodCart.swift in Sources */ = {isa = PBXBuildFile; fileRef = 617C34572C164B78004FC095 /* FoodCart.swift */; };
		619E4FE22C20ECAC00C58A21 /* NotoficationHandler.swift in Sources */ = {isa = PBXBuildFile; fileRef = 619E4FE12C20ECAC00C58A21 /* NotoficationHandler.swift */; };
		61ADFBDB2C21E089005B4A74 /* FoodStruct.swift in Sources */ = {isa = PBXBuildFile; fileRef = 61ADFBDA2C21E089005B4A74 /* FoodStruct.swift */; };
		61ADFBDD2C21E269005B4A74 /* ExerciseStruct.swift in Sources */ = {isa = PBXBuildFile; fileRef = 61ADFBDC2C21E269005B4A74 /* ExerciseStruct.swift */; };
		61E4F71E2BE2AAB7008F3260 /* ProcessOne.swift in Sources */ = {isa = PBXBuildFile; fileRef = 61E4F71D2BE2AAB7008F3260 /* ProcessOne.swift */; };
		61E4F7202BE2B7D4008F3260 /* ProcessTwo.swift in Sources */ = {isa = PBXBuildFile; fileRef = 61E4F71F2BE2B7D4008F3260 /* ProcessTwo.swift */; };
		D41A8F522C2574DC00E06190 /* WorkoutStruct.swift in Sources */ = {isa = PBXBuildFile; fileRef = D41A8F512C2574DC00E06190 /* WorkoutStruct.swift */; };
		D41A8F542C257B9E00E06190 /* LogStruct.swift in Sources */ = {isa = PBXBuildFile; fileRef = D41A8F532C257B9E00E06190 /* LogStruct.swift */; };
		D42D889E2C206ADC00B179EA /* EditProfileView.swift in Sources */ = {isa = PBXBuildFile; fileRef = D42D889D2C206ADC00B179EA /* EditProfileView.swift */; };
		D42D88A02C206DAD00B179EA /* ProfileView.swift in Sources */ = {isa = PBXBuildFile; fileRef = D42D889F2C206DAD00B179EA /* ProfileView.swift */; };
		D431E57F2C209B41006AB28D /* FoodFormCameraView.swift in Sources */ = {isa = PBXBuildFile; fileRef = D431E57E2C209B41006AB28D /* FoodFormCameraView.swift */; };
		D431E5812C209B6A006AB28D /* CameraTextRecognition.swift in Sources */ = {isa = PBXBuildFile; fileRef = D431E5802C209B6A006AB28D /* CameraTextRecognition.swift */; };
		D431E5832C209B9A006AB28D /* CameraTextRecognitionView.swift in Sources */ = {isa = PBXBuildFile; fileRef = D431E5822C209B9A006AB28D /* CameraTextRecognitionView.swift */; };
		D431E5852C209BBF006AB28D /* TextRecognition.swift in Sources */ = {isa = PBXBuildFile; fileRef = D431E5842C209BBF006AB28D /* TextRecognition.swift */; };
		D48973492C0C9330006C39B4 /* FoodFormView.swift in Sources */ = {isa = PBXBuildFile; fileRef = D48973482C0C9330006C39B4 /* FoodFormView.swift */; };
		D4AC459C2C05D9E900038144 /* WorkoutView.swift in Sources */ = {isa = PBXBuildFile; fileRef = D4AC459B2C05D9E900038144 /* WorkoutView.swift */; };
		D4AC45A32C05E3F200038144 /* WorkoutCellView.swift in Sources */ = {isa = PBXBuildFile; fileRef = D4AC45A22C05E3F200038144 /* WorkoutCellView.swift */; };
		D4AC45A62C05EE5700038144 /* WorkoutChartView.swift in Sources */ = {isa = PBXBuildFile; fileRef = D4AC45A52C05EE5700038144 /* WorkoutChartView.swift */; };
		D4C9BD492C25693E00FB0D1C /* AddWorkoutUI.swift in Sources */ = {isa = PBXBuildFile; fileRef = D4C9BD482C25693E00FB0D1C /* AddWorkoutUI.swift */; };
		D4C9BD4B2C256C7100FB0D1C /* WorkoutCard.swift in Sources */ = {isa = PBXBuildFile; fileRef = D4C9BD4A2C256C7100FB0D1C /* WorkoutCard.swift */; };
		DA80AFF22BDFEE6200980333 /* HackenschmidtApp.swift in Sources */ = {isa = PBXBuildFile; fileRef = DA80AFF12BDFEE6200980333 /* HackenschmidtApp.swift */; };
		DA80AFF42BDFEE6200980333 /* Persistence.swift in Sources */ = {isa = PBXBuildFile; fileRef = DA80AFF32BDFEE6200980333 /* Persistence.swift */; };
		DA80AFF72BDFEE6200980333 /* Hackenschmidt.xcdatamodeld in Sources */ = {isa = PBXBuildFile; fileRef = DA80AFF52BDFEE6200980333 /* Hackenschmidt.xcdatamodeld */; };
		DA80AFF92BDFEE6200980333 /* ContentView.swift in Sources */ = {isa = PBXBuildFile; fileRef = DA80AFF82BDFEE6200980333 /* ContentView.swift */; };
		DA80AFFF2BDFEE6400980333 /* Preview Assets.xcassets in Resources */ = {isa = PBXBuildFile; fileRef = DA80AFFE2BDFEE6400980333 /* Preview Assets.xcassets */; };
		DA94EC312C0E65EB0009D397 /* CalorieSlider.swift in Sources */ = {isa = PBXBuildFile; fileRef = DA94EC302C0E65EB0009D397 /* CalorieSlider.swift */; };
		DAD2D3A72C21B58300B1BA62 /* authViewModel.swift in Sources */ = {isa = PBXBuildFile; fileRef = DAD2D3A62C21B58300B1BA62 /* authViewModel.swift */; };
		DAD2D3AA2C21B61B00B1BA62 /* KeychainAccess in Frameworks */ = {isa = PBXBuildFile; productRef = DAD2D3A92C21B61B00B1BA62 /* KeychainAccess */; };
		DAD2D3AD2C21C1E800B1BA62 /* Supabase in Frameworks */ = {isa = PBXBuildFile; productRef = DAD2D3AC2C21C1E800B1BA62 /* Supabase */; };
/* End PBXBuildFile section */

/* Begin PBXFileReference section */
		421BF6DA2C2097390097B3AE /* Homepage.swift */ = {isa = PBXFileReference; lastKnownFileType = sourcecode.swift; path = Homepage.swift; sourceTree = "<group>"; };
		6101152A2C21D013005CC443 /* SupabaseLogic.swift */ = {isa = PBXFileReference; lastKnownFileType = sourcecode.swift; path = SupabaseLogic.swift; sourceTree = "<group>"; };
		6111BE2D2C14F9F200B17BB8 /* ProcessOneLogic.swift */ = {isa = PBXFileReference; lastKnownFileType = sourcecode.swift; path = ProcessOneLogic.swift; sourceTree = "<group>"; };
		6111BE312C14FBBF00B17BB8 /* AddExerciseLogic.swift */ = {isa = PBXFileReference; lastKnownFileType = sourcecode.swift; path = AddExerciseLogic.swift; sourceTree = "<group>"; };
		6111BE332C14FFEB00B17BB8 /* ExcerciseButtonView.swift */ = {isa = PBXFileReference; lastKnownFileType = sourcecode.swift; path = ExcerciseButtonView.swift; sourceTree = "<group>"; };
		6111BE382C15058600B17BB8 /* AddMealForm.swift */ = {isa = PBXFileReference; lastKnownFileType = sourcecode.swift; path = AddMealForm.swift; sourceTree = "<group>"; };
		6111BE3A2C1506B000B17BB8 /* AddMealUI.swift */ = {isa = PBXFileReference; lastKnownFileType = sourcecode.swift; path = AddMealUI.swift; sourceTree = "<group>"; };
		611C71872BFE785D002F9BB6 /* AddWorkout.swift */ = {isa = PBXFileReference; lastKnownFileType = sourcecode.swift; path = AddWorkout.swift; sourceTree = "<group>"; };
		611C71892BFE7E37002F9BB6 /* AddExercise.swift */ = {isa = PBXFileReference; lastKnownFileType = sourcecode.swift; path = AddExercise.swift; sourceTree = "<group>"; };
		6135F5B72C0E5752004138D9 /* ActivityButtomView.swift */ = {isa = PBXFileReference; lastKnownFileType = sourcecode.swift; path = ActivityButtomView.swift; sourceTree = "<group>"; };
		6135F5B92C0E582E004138D9 /* ProcessTwoLogic.swift */ = {isa = PBXFileReference; lastKnownFileType = sourcecode.swift; path = ProcessTwoLogic.swift; sourceTree = "<group>"; };
		6135F5BF2C0E86A2004138D9 /* ProcessThreeLogic.swift */ = {isa = PBXFileReference; lastKnownFileType = sourcecode.swift; path = ProcessThreeLogic.swift; sourceTree = "<group>"; };
		6135F5C22C0E8711004138D9 /* ButtonView.swift */ = {isa = PBXFileReference; lastKnownFileType = sourcecode.swift; path = ButtonView.swift; sourceTree = "<group>"; };
		616878BD2C1A286800A35247 /* CalorieCalculator.swift */ = {isa = PBXFileReference; lastKnownFileType = sourcecode.swift; path = CalorieCalculator.swift; sourceTree = "<group>"; };
		616878C02C1A431700A35247 /* LogInUI.swift */ = {isa = PBXFileReference; lastKnownFileType = sourcecode.swift; path = LogInUI.swift; sourceTree = "<group>"; };
		616878C22C1A432600A35247 /* LogInLogic.swift */ = {isa = PBXFileReference; lastKnownFileType = sourcecode.swift; path = LogInLogic.swift; sourceTree = "<group>"; };
		617639B62BEFDB900057D0A4 /* ProcessThree.swift */ = {isa = PBXFileReference; lastKnownFileType = sourcecode.swift; path = ProcessThree.swift; sourceTree = "<group>"; };
		6177EFCE2C22662600316DF6 /* UserProfileStruct.swift */ = {isa = PBXFileReference; lastKnownFileType = sourcecode.swift; path = UserProfileStruct.swift; sourceTree = "<group>"; };
		617800B72C234EC60021FCC6 /* UserProfileGather.swift */ = {isa = PBXFileReference; lastKnownFileType = sourcecode.swift; path = UserProfileGather.swift; sourceTree = "<group>"; };
		617C34552C1646F3004FC095 /* SearchBarMeal.swift */ = {isa = PBXFileReference; lastKnownFileType = sourcecode.swift; path = SearchBarMeal.swift; sourceTree = "<group>"; };
		617C34572C164B78004FC095 /* FoodCart.swift */ = {isa = PBXFileReference; lastKnownFileType = sourcecode.swift; path = FoodCart.swift; sourceTree = "<group>"; };
		619E4FE12C20ECAC00C58A21 /* NotoficationHandler.swift */ = {isa = PBXFileReference; lastKnownFileType = sourcecode.swift; path = NotoficationHandler.swift; sourceTree = "<group>"; };
		61ADFBDA2C21E089005B4A74 /* FoodStruct.swift */ = {isa = PBXFileReference; lastKnownFileType = sourcecode.swift; path = FoodStruct.swift; sourceTree = "<group>"; };
		61ADFBDC2C21E269005B4A74 /* ExerciseStruct.swift */ = {isa = PBXFileReference; lastKnownFileType = sourcecode.swift; path = ExerciseStruct.swift; sourceTree = "<group>"; };
		61E4F71D2BE2AAB7008F3260 /* ProcessOne.swift */ = {isa = PBXFileReference; lastKnownFileType = sourcecode.swift; path = ProcessOne.swift; sourceTree = "<group>"; };
		61E4F71F2BE2B7D4008F3260 /* ProcessTwo.swift */ = {isa = PBXFileReference; lastKnownFileType = sourcecode.swift; path = ProcessTwo.swift; sourceTree = "<group>"; };
		D41A8F512C2574DC00E06190 /* WorkoutStruct.swift */ = {isa = PBXFileReference; lastKnownFileType = sourcecode.swift; path = WorkoutStruct.swift; sourceTree = "<group>"; };
		D41A8F532C257B9E00E06190 /* LogStruct.swift */ = {isa = PBXFileReference; lastKnownFileType = sourcecode.swift; path = LogStruct.swift; sourceTree = "<group>"; };
		D42D889D2C206ADC00B179EA /* EditProfileView.swift */ = {isa = PBXFileReference; lastKnownFileType = sourcecode.swift; path = EditProfileView.swift; sourceTree = "<group>"; };
		D42D889F2C206DAD00B179EA /* ProfileView.swift */ = {isa = PBXFileReference; lastKnownFileType = sourcecode.swift; path = ProfileView.swift; sourceTree = "<group>"; };
		D431E57E2C209B41006AB28D /* FoodFormCameraView.swift */ = {isa = PBXFileReference; lastKnownFileType = sourcecode.swift; name = FoodFormCameraView.swift; path = Hackenschmidt/addMealGroup/textRecognition/FoodFormCameraView.swift; sourceTree = SOURCE_ROOT; };
		D431E5802C209B6A006AB28D /* CameraTextRecognition.swift */ = {isa = PBXFileReference; lastKnownFileType = sourcecode.swift; name = CameraTextRecognition.swift; path = Hackenschmidt/addMealGroup/textRecognition/CameraTextRecognition.swift; sourceTree = SOURCE_ROOT; };
		D431E5822C209B9A006AB28D /* CameraTextRecognitionView.swift */ = {isa = PBXFileReference; lastKnownFileType = sourcecode.swift; name = CameraTextRecognitionView.swift; path = Hackenschmidt/addMealGroup/textRecognition/CameraTextRecognitionView.swift; sourceTree = SOURCE_ROOT; };
		D431E5842C209BBF006AB28D /* TextRecognition.swift */ = {isa = PBXFileReference; lastKnownFileType = sourcecode.swift; path = TextRecognition.swift; sourceTree = "<group>"; };
		D48973482C0C9330006C39B4 /* FoodFormView.swift */ = {isa = PBXFileReference; lastKnownFileType = sourcecode.swift; path = FoodFormView.swift; sourceTree = "<group>"; };
		D4AC459B2C05D9E900038144 /* WorkoutView.swift */ = {isa = PBXFileReference; lastKnownFileType = sourcecode.swift; path = WorkoutView.swift; sourceTree = "<group>"; };
		D4AC45A22C05E3F200038144 /* WorkoutCellView.swift */ = {isa = PBXFileReference; lastKnownFileType = sourcecode.swift; path = WorkoutCellView.swift; sourceTree = "<group>"; };
		D4AC45A52C05EE5700038144 /* WorkoutChartView.swift */ = {isa = PBXFileReference; lastKnownFileType = sourcecode.swift; path = WorkoutChartView.swift; sourceTree = "<group>"; };
		D4C9BD482C25693E00FB0D1C /* AddWorkoutUI.swift */ = {isa = PBXFileReference; lastKnownFileType = sourcecode.swift; path = AddWorkoutUI.swift; sourceTree = "<group>"; };
		D4C9BD4A2C256C7100FB0D1C /* WorkoutCard.swift */ = {isa = PBXFileReference; lastKnownFileType = sourcecode.swift; path = WorkoutCard.swift; sourceTree = "<group>"; };
		DA80AFEE2BDFEE6200980333 /* Hackenschmidt.app */ = {isa = PBXFileReference; explicitFileType = wrapper.application; includeInIndex = 0; path = Hackenschmidt.app; sourceTree = BUILT_PRODUCTS_DIR; };
		DA80AFF12BDFEE6200980333 /* HackenschmidtApp.swift */ = {isa = PBXFileReference; lastKnownFileType = sourcecode.swift; path = HackenschmidtApp.swift; sourceTree = "<group>"; };
		DA80AFF32BDFEE6200980333 /* Persistence.swift */ = {isa = PBXFileReference; lastKnownFileType = sourcecode.swift; path = Persistence.swift; sourceTree = "<group>"; };
		DA80AFF62BDFEE6200980333 /* Hackenschmidt.xcdatamodel */ = {isa = PBXFileReference; lastKnownFileType = wrapper.xcdatamodel; path = Hackenschmidt.xcdatamodel; sourceTree = "<group>"; };
		DA80AFF82BDFEE6200980333 /* ContentView.swift */ = {isa = PBXFileReference; lastKnownFileType = sourcecode.swift; path = ContentView.swift; sourceTree = "<group>"; };
		DA80AFFA2BDFEE6400980333 /* Assets.xcassets */ = {isa = PBXFileReference; lastKnownFileType = folder.assetcatalog; name = Assets.xcassets; path = Hackenschmidt/Assets.xcassets; sourceTree = SOURCE_ROOT; };
		DA80AFFC2BDFEE6400980333 /* Hackenschmidt.entitlements */ = {isa = PBXFileReference; lastKnownFileType = text.plist.entitlements; path = Hackenschmidt.entitlements; sourceTree = "<group>"; };
		DA80AFFE2BDFEE6400980333 /* Preview Assets.xcassets */ = {isa = PBXFileReference; lastKnownFileType = folder.assetcatalog; path = "Preview Assets.xcassets"; sourceTree = "<group>"; };
		DA94EC302C0E65EB0009D397 /* CalorieSlider.swift */ = {isa = PBXFileReference; lastKnownFileType = sourcecode.swift; path = CalorieSlider.swift; sourceTree = "<group>"; };
		DAD2D3A62C21B58300B1BA62 /* authViewModel.swift */ = {isa = PBXFileReference; lastKnownFileType = sourcecode.swift; path = authViewModel.swift; sourceTree = "<group>"; };
/* End PBXFileReference section */

/* Begin PBXFrameworksBuildPhase section */
		DA80AFEB2BDFEE6200980333 /* Frameworks */ = {
			isa = PBXFrameworksBuildPhase;
			buildActionMask = 2147483647;
			files = (
				DAD2D3AD2C21C1E800B1BA62 /* Supabase in Frameworks */,
				DAD2D3AA2C21B61B00B1BA62 /* KeychainAccess in Frameworks */,
			);
			runOnlyForDeploymentPostprocessing = 0;
		};
/* End PBXFrameworksBuildPhase section */

/* Begin PBXGroup section */
		421BF6D92C2097230097B3AE /* HomepageGroup */ = {
			isa = PBXGroup;
			children = (
				421BF6DA2C2097390097B3AE /* Homepage.swift */,
			);
			path = HomepageGroup;
			sourceTree = "<group>";
		};
		6111BE2C2C14F9DF00B17BB8 /* ProcessOneGroup */ = {
			isa = PBXGroup;
			children = (
				61E4F71D2BE2AAB7008F3260 /* ProcessOne.swift */,
				6111BE2D2C14F9F200B17BB8 /* ProcessOneLogic.swift */,
			);
			path = ProcessOneGroup;
			sourceTree = "<group>";
		};
		6111BE2F2C14FB9A00B17BB8 /* AddWorkoutGroup */ = {
			isa = PBXGroup;
			children = (
				611C71872BFE785D002F9BB6 /* AddWorkout.swift */,
			);
			path = AddWorkoutGroup;
			sourceTree = "<group>";
		};
		6111BE302C14FBA900B17BB8 /* AddExercise */ = {
			isa = PBXGroup;
			children = (
				611C71892BFE7E37002F9BB6 /* AddExercise.swift */,
				6111BE312C14FBBF00B17BB8 /* AddExerciseLogic.swift */,
				6111BE332C14FFEB00B17BB8 /* ExcerciseButtonView.swift */,
			);
			path = AddExercise;
			sourceTree = "<group>";
		};
		6111BE352C15041200B17BB8 /* AddMealGroup */ = {
			isa = PBXGroup;
			children = (
				D48973482C0C9330006C39B4 /* FoodFormView.swift */,
				D431E57D2C209B2C006AB28D /* textRecognition */,
				6111BE372C15043C00B17BB8 /* AddMealForm */,
				6111BE362C15042100B17BB8 /* AddMeal */,
			);
			path = AddMealGroup;
			sourceTree = "<group>";
		};
		6111BE362C15042100B17BB8 /* AddMeal */ = {
			isa = PBXGroup;
			children = (
				6111BE3A2C1506B000B17BB8 /* AddMealUI.swift */,
				617C34552C1646F3004FC095 /* SearchBarMeal.swift */,
				617C34572C164B78004FC095 /* FoodCart.swift */,
			);
			path = AddMeal;
			sourceTree = "<group>";
		};
		6111BE372C15043C00B17BB8 /* AddMealForm */ = {
			isa = PBXGroup;
			children = (
				6111BE382C15058600B17BB8 /* AddMealForm.swift */,
			);
			path = AddMealForm;
			sourceTree = "<group>";
		};
		611C71862BFE783E002F9BB6 /* workouts */ = {
			isa = PBXGroup;
			children = (
				6111BE302C14FBA900B17BB8 /* AddExercise */,
				6111BE2F2C14FB9A00B17BB8 /* AddWorkoutGroup */,
			);
			path = workouts;
			sourceTree = "<group>";
		};
		6126E5132BE25C1F0066E3A7 /* SplashScreens */ = {
			isa = PBXGroup;
			children = (
				616878BF2C1A428500A35247 /* LogIn */,
				6111BE2C2C14F9DF00B17BB8 /* ProcessOneGroup */,
				6135F5BE2C0E8666004138D9 /* ProcessThreeGroup */,
				6135F5B62C0E56A5004138D9 /* ProcessTwoGroup */,
				616878BD2C1A286800A35247 /* CalorieCalculator.swift */,
				617800B72C234EC60021FCC6 /* UserProfileGather.swift */,
			);
			path = SplashScreens;
			sourceTree = "<group>";
		};
		6135F5B62C0E56A5004138D9 /* ProcessTwoGroup */ = {
			isa = PBXGroup;
			children = (
				61E4F71F2BE2B7D4008F3260 /* ProcessTwo.swift */,
				6135F5B72C0E5752004138D9 /* ActivityButtomView.swift */,
				6135F5B92C0E582E004138D9 /* ProcessTwoLogic.swift */,
			);
			path = ProcessTwoGroup;
			sourceTree = "<group>";
		};
		6135F5BE2C0E8666004138D9 /* ProcessThreeGroup */ = {
			isa = PBXGroup;
			children = (
				617639B62BEFDB900057D0A4 /* ProcessThree.swift */,
				6135F5BF2C0E86A2004138D9 /* ProcessThreeLogic.swift */,
				6135F5C22C0E8711004138D9 /* ButtonView.swift */,
			);
			path = ProcessThreeGroup;
			sourceTree = "<group>";
		};
		616878BF2C1A428500A35247 /* LogIn */ = {
			isa = PBXGroup;
			children = (
				616878C02C1A431700A35247 /* LogInUI.swift */,
				616878C22C1A432600A35247 /* LogInLogic.swift */,
			);
			path = LogIn;
			sourceTree = "<group>";
		};
		619E4FE02C20EC9500C58A21 /* Notifications */ = {
			isa = PBXGroup;
			children = (
				619E4FE12C20ECAC00C58A21 /* NotoficationHandler.swift */,
			);
			path = Notifications;
			sourceTree = "<group>";
		};
		61ADFBD92C21E05A005B4A74 /* DbStrcuts */ = {
			isa = PBXGroup;
			children = (
				61ADFBDA2C21E089005B4A74 /* FoodStruct.swift */,
				61ADFBDC2C21E269005B4A74 /* ExerciseStruct.swift */,
				6177EFCE2C22662600316DF6 /* UserProfileStruct.swift */,
				D41A8F512C2574DC00E06190 /* WorkoutStruct.swift */,
				D41A8F532C257B9E00E06190 /* LogStruct.swift */,
			);
			path = DbStrcuts;
			sourceTree = "<group>";
		};
		D42D889C2C206A6000B179EA /* profile */ = {
			isa = PBXGroup;
			children = (
				D42D889D2C206ADC00B179EA /* EditProfileView.swift */,
				D42D889F2C206DAD00B179EA /* ProfileView.swift */,
			);
			path = profile;
			sourceTree = "<group>";
		};
		D431E57D2C209B2C006AB28D /* textRecognition */ = {
			isa = PBXGroup;
			children = (
				D431E5842C209BBF006AB28D /* TextRecognition.swift */,
				D431E57E2C209B41006AB28D /* FoodFormCameraView.swift */,
				D431E5802C209B6A006AB28D /* CameraTextRecognition.swift */,
				D431E5822C209B9A006AB28D /* CameraTextRecognitionView.swift */,
			);
			path = textRecognition;
			sourceTree = "<group>";
		};
		D4AC459D2C05E35800038144 /* Workout */ = {
			isa = PBXGroup;
			children = (
				D4AC459B2C05D9E900038144 /* WorkoutView.swift */,
				D4AC45A22C05E3F200038144 /* WorkoutCellView.swift */,
				D4AC45A52C05EE5700038144 /* WorkoutChartView.swift */,
				D4C9BD482C25693E00FB0D1C /* AddWorkoutUI.swift */,
				D4C9BD4A2C256C7100FB0D1C /* WorkoutCard.swift */,
			);
			path = Workout;
			sourceTree = "<group>";
		};
		DA80AFE52BDFEE6200980333 = {
			isa = PBXGroup;
			children = (
				DA80AFF02BDFEE6200980333 /* Hackenschmidt */,
				DA80AFEF2BDFEE6200980333 /* Products */,
				DAD2D3AB2C21C1E800B1BA62 /* Frameworks */,
			);
			sourceTree = "<group>";
		};
		DA80AFEF2BDFEE6200980333 /* Products */ = {
			isa = PBXGroup;
			children = (
				DA80AFEE2BDFEE6200980333 /* Hackenschmidt.app */,
			);
			name = Products;
			sourceTree = "<group>";
		};
		DA80AFF02BDFEE6200980333 /* Hackenschmidt */ = {
			isa = PBXGroup;
			children = (
				DAD2D3A52C21B57600B1BA62 /* supabase */,
				619E4FE02C20EC9500C58A21 /* Notifications */,
				D42D889C2C206A6000B179EA /* profile */,
				421BF6D92C2097230097B3AE /* HomepageGroup */,
				6111BE352C15041200B17BB8 /* AddMealGroup */,
				DA94EC2D2C0E620D0009D397 /* views */,
				D4AC459D2C05E35800038144 /* Workout */,
				611C71862BFE783E002F9BB6 /* workouts */,
				6126E5132BE25C1F0066E3A7 /* SplashScreens */,
				DA80AFF12BDFEE6200980333 /* HackenschmidtApp.swift */,
				DA80AFF32BDFEE6200980333 /* Persistence.swift */,
				DA80AFF82BDFEE6200980333 /* ContentView.swift */,
				DA80AFFA2BDFEE6400980333 /* Assets.xcassets */,
				DA80AFFC2BDFEE6400980333 /* Hackenschmidt.entitlements */,
				DA80AFF52BDFEE6200980333 /* Hackenschmidt.xcdatamodeld */,
				DA80AFFD2BDFEE6400980333 /* Preview Content */,
			);
			path = Hackenschmidt;
			sourceTree = "<group>";
		};
		DA80AFFD2BDFEE6400980333 /* Preview Content */ = {
			isa = PBXGroup;
			children = (
				DA80AFFE2BDFEE6400980333 /* Preview Assets.xcassets */,
			);
			path = "Preview Content";
			sourceTree = "<group>";
		};
		DA94EC2D2C0E620D0009D397 /* views */ = {
			isa = PBXGroup;
			children = (
				DA94EC302C0E65EB0009D397 /* CalorieSlider.swift */,
			);
			path = views;
			sourceTree = "<group>";
		};
		DAD2D3A52C21B57600B1BA62 /* supabase */ = {
			isa = PBXGroup;
			children = (
				61ADFBD92C21E05A005B4A74 /* DbStrcuts */,
				DAD2D3A62C21B58300B1BA62 /* authViewModel.swift */,
				6101152A2C21D013005CC443 /* SupabaseLogic.swift */,
			);
			path = supabase;
			sourceTree = "<group>";
		};
		DAD2D3AB2C21C1E800B1BA62 /* Frameworks */ = {
			isa = PBXGroup;
			children = (
			);
			name = Frameworks;
			sourceTree = "<group>";
		};
/* End PBXGroup section */

/* Begin PBXNativeTarget section */
		DA80AFED2BDFEE6200980333 /* Hackenschmidt */ = {
			isa = PBXNativeTarget;
			buildConfigurationList = DA80B0022BDFEE6400980333 /* Build configuration list for PBXNativeTarget "Hackenschmidt" */;
			buildPhases = (
				DA80AFEA2BDFEE6200980333 /* Sources */,
				DA80AFEB2BDFEE6200980333 /* Frameworks */,
				DA80AFEC2BDFEE6200980333 /* Resources */,
			);
			buildRules = (
			);
			dependencies = (
			);
			name = Hackenschmidt;
			packageProductDependencies = (
				DAD2D3A92C21B61B00B1BA62 /* KeychainAccess */,
				DAD2D3AC2C21C1E800B1BA62 /* Supabase */,
			);
			productName = Hackenschmidt;
			productReference = DA80AFEE2BDFEE6200980333 /* Hackenschmidt.app */;
			productType = "com.apple.product-type.application";
		};
/* End PBXNativeTarget section */

/* Begin PBXProject section */
		DA80AFE62BDFEE6200980333 /* Project object */ = {
			isa = PBXProject;
			attributes = {
				BuildIndependentTargetsInParallel = 1;
				LastSwiftUpdateCheck = 1530;
				LastUpgradeCheck = 1530;
				TargetAttributes = {
					DA80AFED2BDFEE6200980333 = {
						CreatedOnToolsVersion = 15.3;
					};
				};
			};
			buildConfigurationList = DA80AFE92BDFEE6200980333 /* Build configuration list for PBXProject "Hackenschmidt" */;
			compatibilityVersion = "Xcode 14.0";
			developmentRegion = en;
			hasScannedForEncodings = 0;
			knownRegions = (
				en,
				Base,
			);
			mainGroup = DA80AFE52BDFEE6200980333;
			packageReferences = (
				D44210E22BFCAF9C000AC11D /* XCRemoteSwiftPackageReference "supabase-swift" */,
				DAD2D3A82C21B61B00B1BA62 /* XCRemoteSwiftPackageReference "KeychainAccess" */,
			);
			productRefGroup = DA80AFEF2BDFEE6200980333 /* Products */;
			projectDirPath = "";
			projectRoot = "";
			targets = (
				DA80AFED2BDFEE6200980333 /* Hackenschmidt */,
			);
		};
/* End PBXProject section */

/* Begin PBXResourcesBuildPhase section */
		DA80AFEC2BDFEE6200980333 /* Resources */ = {
			isa = PBXResourcesBuildPhase;
			buildActionMask = 2147483647;
			files = (
				6126E5142BE25FD70066E3A7 /* Assets.xcassets in Resources */,
				DA80AFFF2BDFEE6400980333 /* Preview Assets.xcassets in Resources */,
			);
			runOnlyForDeploymentPostprocessing = 0;
		};
/* End PBXResourcesBuildPhase section */

/* Begin PBXSourcesBuildPhase section */
		DA80AFEA2BDFEE6200980333 /* Sources */ = {
			isa = PBXSourcesBuildPhase;
			buildActionMask = 2147483647;
			files = (
				6135F5B82C0E5752004138D9 /* ActivityButtomView.swift in Sources */,
				61E4F71E2BE2AAB7008F3260 /* ProcessOne.swift in Sources */,
				DA80AFF72BDFEE6200980333 /* Hackenschmidt.xcdatamodeld in Sources */,
				6111BE342C14FFEB00B17BB8 /* ExcerciseButtonView.swift in Sources */,
				D431E57F2C209B41006AB28D /* FoodFormCameraView.swift in Sources */,
				D4AC459C2C05D9E900038144 /* WorkoutView.swift in Sources */,
				616878C12C1A431800A35247 /* LogInUI.swift in Sources */,
				6101152B2C21D013005CC443 /* SupabaseLogic.swift in Sources */,
				617C34562C1646F3004FC095 /* SearchBarMeal.swift in Sources */,
				D41A8F542C257B9E00E06190 /* LogStruct.swift in Sources */,
				6177EFCF2C22662600316DF6 /* UserProfileStruct.swift in Sources */,
				61ADFBDD2C21E269005B4A74 /* ExerciseStruct.swift in Sources */,
				617639B72BEFDB900057D0A4 /* ProcessThree.swift in Sources */,
				DA80AFF22BDFEE6200980333 /* HackenschmidtApp.swift in Sources */,
				D48973492C0C9330006C39B4 /* FoodFormView.swift in Sources */,
				6111BE3B2C1506B000B17BB8 /* AddMealUI.swift in Sources */,
				619E4FE22C20ECAC00C58A21 /* NotoficationHandler.swift in Sources */,
				D4C9BD4B2C256C7100FB0D1C /* WorkoutCard.swift in Sources */,
				D41A8F522C2574DC00E06190 /* WorkoutStruct.swift in Sources */,
				421BF6DB2C2097390097B3AE /* Homepage.swift in Sources */,
				DA80AFF92BDFEE6200980333 /* ContentView.swift in Sources */,
				D4C9BD492C25693E00FB0D1C /* AddWorkoutUI.swift in Sources */,
				6111BE322C14FBBF00B17BB8 /* AddExerciseLogic.swift in Sources */,
				D431E5852C209BBF006AB28D /* TextRecognition.swift in Sources */,
				61E4F7202BE2B7D4008F3260 /* ProcessTwo.swift in Sources */,
				616878BE2C1A286800A35247 /* CalorieCalculator.swift in Sources */,
				DAD2D3A72C21B58300B1BA62 /* authViewModel.swift in Sources */,
				6135F5BA2C0E582E004138D9 /* ProcessTwoLogic.swift in Sources */,
				D431E5832C209B9A006AB28D /* CameraTextRecognitionView.swift in Sources */,
				61ADFBDB2C21E089005B4A74 /* FoodStruct.swift in Sources */,
				D4AC45A62C05EE5700038144 /* WorkoutChartView.swift in Sources */,
				D431E5812C209B6A006AB28D /* CameraTextRecognition.swift in Sources */,
				6111BE2E2C14F9F200B17BB8 /* ProcessOneLogic.swift in Sources */,
				6111BE392C15058600B17BB8 /* AddMealForm.swift in Sources */,
				D42D889E2C206ADC00B179EA /* EditProfileView.swift in Sources */,
				D4AC45A32C05E3F200038144 /* WorkoutCellView.swift in Sources */,
				611C718A2BFE7E37002F9BB6 /* AddExercise.swift in Sources */,
				D42D88A02C206DAD00B179EA /* ProfileView.swift in Sources */,
				6135F5C32C0E8711004138D9 /* ButtonView.swift in Sources */,
				616878C32C1A432600A35247 /* LogInLogic.swift in Sources */,
				DA80AFF42BDFEE6200980333 /* Persistence.swift in Sources */,
				DA94EC312C0E65EB0009D397 /* CalorieSlider.swift in Sources */,
				617C34582C164B78004FC095 /* FoodCart.swift in Sources */,
				617800B82C234EC60021FCC6 /* UserProfileGather.swift in Sources */,
				611C71882BFE785D002F9BB6 /* AddWorkout.swift in Sources */,
				6135F5C02C0E86A2004138D9 /* ProcessThreeLogic.swift in Sources */,
			);
			runOnlyForDeploymentPostprocessing = 0;
		};
/* End PBXSourcesBuildPhase section */

/* Begin XCBuildConfiguration section */
		DA80B0002BDFEE6400980333 /* Debug */ = {
			isa = XCBuildConfiguration;
			buildSettings = {
				ALWAYS_SEARCH_USER_PATHS = NO;
				ASSETCATALOG_COMPILER_GENERATE_SWIFT_ASSET_SYMBOL_EXTENSIONS = YES;
				CLANG_ANALYZER_NONNULL = YES;
				CLANG_ANALYZER_NUMBER_OBJECT_CONVERSION = YES_AGGRESSIVE;
				CLANG_CXX_LANGUAGE_STANDARD = "gnu++20";
				CLANG_ENABLE_MODULES = YES;
				CLANG_ENABLE_OBJC_ARC = YES;
				CLANG_ENABLE_OBJC_WEAK = YES;
				CLANG_WARN_BLOCK_CAPTURE_AUTORELEASING = YES;
				CLANG_WARN_BOOL_CONVERSION = YES;
				CLANG_WARN_COMMA = YES;
				CLANG_WARN_CONSTANT_CONVERSION = YES;
				CLANG_WARN_DEPRECATED_OBJC_IMPLEMENTATIONS = YES;
				CLANG_WARN_DIRECT_OBJC_ISA_USAGE = YES_ERROR;
				CLANG_WARN_DOCUMENTATION_COMMENTS = YES;
				CLANG_WARN_EMPTY_BODY = YES;
				CLANG_WARN_ENUM_CONVERSION = YES;
				CLANG_WARN_INFINITE_RECURSION = YES;
				CLANG_WARN_INT_CONVERSION = YES;
				CLANG_WARN_NON_LITERAL_NULL_CONVERSION = YES;
				CLANG_WARN_OBJC_IMPLICIT_RETAIN_SELF = YES;
				CLANG_WARN_OBJC_LITERAL_CONVERSION = YES;
				CLANG_WARN_OBJC_ROOT_CLASS = YES_ERROR;
				CLANG_WARN_QUOTED_INCLUDE_IN_FRAMEWORK_HEADER = YES;
				CLANG_WARN_RANGE_LOOP_ANALYSIS = YES;
				CLANG_WARN_STRICT_PROTOTYPES = YES;
				CLANG_WARN_SUSPICIOUS_MOVE = YES;
				CLANG_WARN_UNGUARDED_AVAILABILITY = YES_AGGRESSIVE;
				CLANG_WARN_UNREACHABLE_CODE = YES;
				CLANG_WARN__DUPLICATE_METHOD_MATCH = YES;
				COPY_PHASE_STRIP = NO;
				DEBUG_INFORMATION_FORMAT = dwarf;
				ENABLE_STRICT_OBJC_MSGSEND = YES;
				ENABLE_TESTABILITY = YES;
				ENABLE_USER_SCRIPT_SANDBOXING = YES;
				GCC_C_LANGUAGE_STANDARD = gnu17;
				GCC_DYNAMIC_NO_PIC = NO;
				GCC_NO_COMMON_BLOCKS = YES;
				GCC_OPTIMIZATION_LEVEL = 0;
				GCC_PREPROCESSOR_DEFINITIONS = (
					"DEBUG=1",
					"$(inherited)",
				);
				GCC_WARN_64_TO_32_BIT_CONVERSION = YES;
				GCC_WARN_ABOUT_RETURN_TYPE = YES_ERROR;
				GCC_WARN_UNDECLARED_SELECTOR = YES;
				GCC_WARN_UNINITIALIZED_AUTOS = YES_AGGRESSIVE;
				GCC_WARN_UNUSED_FUNCTION = YES;
				GCC_WARN_UNUSED_VARIABLE = YES;
				LOCALIZATION_PREFERS_STRING_CATALOGS = YES;
				MTL_ENABLE_DEBUG_INFO = INCLUDE_SOURCE;
				MTL_FAST_MATH = YES;
				ONLY_ACTIVE_ARCH = YES;
				SWIFT_ACTIVE_COMPILATION_CONDITIONS = "DEBUG $(inherited)";
				SWIFT_OPTIMIZATION_LEVEL = "-Onone";
			};
			name = Debug;
		};
		DA80B0012BDFEE6400980333 /* Release */ = {
			isa = XCBuildConfiguration;
			buildSettings = {
				ALWAYS_SEARCH_USER_PATHS = NO;
				ASSETCATALOG_COMPILER_GENERATE_SWIFT_ASSET_SYMBOL_EXTENSIONS = YES;
				CLANG_ANALYZER_NONNULL = YES;
				CLANG_ANALYZER_NUMBER_OBJECT_CONVERSION = YES_AGGRESSIVE;
				CLANG_CXX_LANGUAGE_STANDARD = "gnu++20";
				CLANG_ENABLE_MODULES = YES;
				CLANG_ENABLE_OBJC_ARC = YES;
				CLANG_ENABLE_OBJC_WEAK = YES;
				CLANG_WARN_BLOCK_CAPTURE_AUTORELEASING = YES;
				CLANG_WARN_BOOL_CONVERSION = YES;
				CLANG_WARN_COMMA = YES;
				CLANG_WARN_CONSTANT_CONVERSION = YES;
				CLANG_WARN_DEPRECATED_OBJC_IMPLEMENTATIONS = YES;
				CLANG_WARN_DIRECT_OBJC_ISA_USAGE = YES_ERROR;
				CLANG_WARN_DOCUMENTATION_COMMENTS = YES;
				CLANG_WARN_EMPTY_BODY = YES;
				CLANG_WARN_ENUM_CONVERSION = YES;
				CLANG_WARN_INFINITE_RECURSION = YES;
				CLANG_WARN_INT_CONVERSION = YES;
				CLANG_WARN_NON_LITERAL_NULL_CONVERSION = YES;
				CLANG_WARN_OBJC_IMPLICIT_RETAIN_SELF = YES;
				CLANG_WARN_OBJC_LITERAL_CONVERSION = YES;
				CLANG_WARN_OBJC_ROOT_CLASS = YES_ERROR;
				CLANG_WARN_QUOTED_INCLUDE_IN_FRAMEWORK_HEADER = YES;
				CLANG_WARN_RANGE_LOOP_ANALYSIS = YES;
				CLANG_WARN_STRICT_PROTOTYPES = YES;
				CLANG_WARN_SUSPICIOUS_MOVE = YES;
				CLANG_WARN_UNGUARDED_AVAILABILITY = YES_AGGRESSIVE;
				CLANG_WARN_UNREACHABLE_CODE = YES;
				CLANG_WARN__DUPLICATE_METHOD_MATCH = YES;
				COPY_PHASE_STRIP = NO;
				DEBUG_INFORMATION_FORMAT = "dwarf-with-dsym";
				ENABLE_NS_ASSERTIONS = NO;
				ENABLE_STRICT_OBJC_MSGSEND = YES;
				ENABLE_USER_SCRIPT_SANDBOXING = YES;
				GCC_C_LANGUAGE_STANDARD = gnu17;
				GCC_NO_COMMON_BLOCKS = YES;
				GCC_WARN_64_TO_32_BIT_CONVERSION = YES;
				GCC_WARN_ABOUT_RETURN_TYPE = YES_ERROR;
				GCC_WARN_UNDECLARED_SELECTOR = YES;
				GCC_WARN_UNINITIALIZED_AUTOS = YES_AGGRESSIVE;
				GCC_WARN_UNUSED_FUNCTION = YES;
				GCC_WARN_UNUSED_VARIABLE = YES;
				LOCALIZATION_PREFERS_STRING_CATALOGS = YES;
				MTL_ENABLE_DEBUG_INFO = NO;
				MTL_FAST_MATH = YES;
				SWIFT_COMPILATION_MODE = wholemodule;
			};
			name = Release;
		};
		DA80B0032BDFEE6400980333 /* Debug */ = {
			isa = XCBuildConfiguration;
			buildSettings = {
				ASSETCATALOG_COMPILER_APPICON_NAME = AppIcon;
				ASSETCATALOG_COMPILER_GLOBAL_ACCENT_COLOR_NAME = AccentColor;
				CODE_SIGN_ENTITLEMENTS = Hackenschmidt/Hackenschmidt.entitlements;
				"CODE_SIGN_IDENTITY[sdk=iphoneos*]" = "iPhone Developer";
				"CODE_SIGN_IDENTITY[sdk=macosx*]" = "Apple Development";
				CODE_SIGN_STYLE = Manual;
				CURRENT_PROJECT_VERSION = 1;
				DEVELOPMENT_ASSET_PATHS = "\"Hackenschmidt/Preview Content\"";
				DEVELOPMENT_TEAM = "";
				"DEVELOPMENT_TEAM[sdk=iphoneos*]" = P98463U8S7;
				ENABLE_PREVIEWS = YES;
				GENERATE_INFOPLIST_FILE = YES;
				INFOPLIST_KEY_LSApplicationCategoryType = "";
				INFOPLIST_KEY_NSCameraUsageDescription = "We need to access your Camera to use this feature";
				INFOPLIST_KEY_NSHealthShareUsageDescription = "We need to access Health if you want us to sync its data";
				INFOPLIST_KEY_NSHealthUpdateUsageDescription = "We need to access Health if you want us to sync its data";
				"INFOPLIST_KEY_UIApplicationSceneManifest_Generation[sdk=iphoneos*]" = YES;
				"INFOPLIST_KEY_UIApplicationSceneManifest_Generation[sdk=iphonesimulator*]" = YES;
				"INFOPLIST_KEY_UIApplicationSupportsIndirectInputEvents[sdk=iphoneos*]" = YES;
				"INFOPLIST_KEY_UIApplicationSupportsIndirectInputEvents[sdk=iphonesimulator*]" = YES;
				"INFOPLIST_KEY_UILaunchScreen_Generation[sdk=iphoneos*]" = YES;
				"INFOPLIST_KEY_UILaunchScreen_Generation[sdk=iphonesimulator*]" = YES;
				"INFOPLIST_KEY_UIStatusBarStyle[sdk=iphoneos*]" = UIStatusBarStyleDefault;
				"INFOPLIST_KEY_UIStatusBarStyle[sdk=iphonesimulator*]" = UIStatusBarStyleDefault;
				INFOPLIST_KEY_UISupportedInterfaceOrientations_iPad = "UIInterfaceOrientationPortrait UIInterfaceOrientationPortraitUpsideDown UIInterfaceOrientationLandscapeLeft UIInterfaceOrientationLandscapeRight";
				INFOPLIST_KEY_UISupportedInterfaceOrientations_iPhone = "UIInterfaceOrientationPortrait UIInterfaceOrientationLandscapeLeft UIInterfaceOrientationLandscapeRight";
				IPHONEOS_DEPLOYMENT_TARGET = 16.0;
				LD_RUNPATH_SEARCH_PATHS = "@executable_path/Frameworks";
				"LD_RUNPATH_SEARCH_PATHS[sdk=macosx*]" = "@executable_path/../Frameworks";
				MACOSX_DEPLOYMENT_TARGET = 14.0;
				MARKETING_VERSION = 1.0;
				PRODUCT_BUNDLE_IDENTIFIER = com.hackenschmidt.app;
				PRODUCT_NAME = "$(TARGET_NAME)";
				PROVISIONING_PROFILE_SPECIFIER = "";
				"PROVISIONING_PROFILE_SPECIFIER[sdk=iphoneos*]" = "Hackenschmidt Development";
				SDKROOT = auto;
				SUPPORTED_PLATFORMS = "iphoneos iphonesimulator macosx";
				SWIFT_EMIT_LOC_STRINGS = YES;
				SWIFT_VERSION = 5.0;
				TARGETED_DEVICE_FAMILY = "1,2";
			};
			name = Debug;
		};
		DA80B0042BDFEE6400980333 /* Release */ = {
			isa = XCBuildConfiguration;
			buildSettings = {
				ASSETCATALOG_COMPILER_APPICON_NAME = AppIcon;
				ASSETCATALOG_COMPILER_GLOBAL_ACCENT_COLOR_NAME = AccentColor;
				CODE_SIGN_ENTITLEMENTS = Hackenschmidt/Hackenschmidt.entitlements;
				"CODE_SIGN_IDENTITY[sdk=iphoneos*]" = "iPhone Developer";
				"CODE_SIGN_IDENTITY[sdk=macosx*]" = "Apple Development";
				CODE_SIGN_STYLE = Manual;
				CURRENT_PROJECT_VERSION = 1;
				DEVELOPMENT_ASSET_PATHS = "\"Hackenschmidt/Preview Content\"";
				DEVELOPMENT_TEAM = "";
				"DEVELOPMENT_TEAM[sdk=iphoneos*]" = P98463U8S7;
				ENABLE_PREVIEWS = YES;
				GENERATE_INFOPLIST_FILE = YES;
				INFOPLIST_KEY_LSApplicationCategoryType = "";
				INFOPLIST_KEY_NSCameraUsageDescription = "We need to access your Camera to use this feature";
				INFOPLIST_KEY_NSHealthShareUsageDescription = "We need to access Health if you want us to sync its data";
				INFOPLIST_KEY_NSHealthUpdateUsageDescription = "We need to access Health if you want us to sync its data";
				"INFOPLIST_KEY_UIApplicationSceneManifest_Generation[sdk=iphoneos*]" = YES;
				"INFOPLIST_KEY_UIApplicationSceneManifest_Generation[sdk=iphonesimulator*]" = YES;
				"INFOPLIST_KEY_UIApplicationSupportsIndirectInputEvents[sdk=iphoneos*]" = YES;
				"INFOPLIST_KEY_UIApplicationSupportsIndirectInputEvents[sdk=iphonesimulator*]" = YES;
				"INFOPLIST_KEY_UILaunchScreen_Generation[sdk=iphoneos*]" = YES;
				"INFOPLIST_KEY_UILaunchScreen_Generation[sdk=iphonesimulator*]" = YES;
				"INFOPLIST_KEY_UIStatusBarStyle[sdk=iphoneos*]" = UIStatusBarStyleDefault;
				"INFOPLIST_KEY_UIStatusBarStyle[sdk=iphonesimulator*]" = UIStatusBarStyleDefault;
				INFOPLIST_KEY_UISupportedInterfaceOrientations_iPad = "UIInterfaceOrientationPortrait UIInterfaceOrientationPortraitUpsideDown UIInterfaceOrientationLandscapeLeft UIInterfaceOrientationLandscapeRight";
				INFOPLIST_KEY_UISupportedInterfaceOrientations_iPhone = "UIInterfaceOrientationPortrait UIInterfaceOrientationLandscapeLeft UIInterfaceOrientationLandscapeRight";
				IPHONEOS_DEPLOYMENT_TARGET = 16.0;
				LD_RUNPATH_SEARCH_PATHS = "@executable_path/Frameworks";
				"LD_RUNPATH_SEARCH_PATHS[sdk=macosx*]" = "@executable_path/../Frameworks";
				MACOSX_DEPLOYMENT_TARGET = 14.0;
				MARKETING_VERSION = 1.0;
				PRODUCT_BUNDLE_IDENTIFIER = com.hackenschmidt.app;
				PRODUCT_NAME = "$(TARGET_NAME)";
				PROVISIONING_PROFILE_SPECIFIER = "";
				"PROVISIONING_PROFILE_SPECIFIER[sdk=iphoneos*]" = "Hackenschmidt Development";
				SDKROOT = auto;
				SUPPORTED_PLATFORMS = "iphoneos iphonesimulator macosx";
				SWIFT_EMIT_LOC_STRINGS = YES;
				SWIFT_VERSION = 5.0;
				TARGETED_DEVICE_FAMILY = "1,2";
			};
			name = Release;
		};
/* End XCBuildConfiguration section */

/* Begin XCConfigurationList section */
		DA80AFE92BDFEE6200980333 /* Build configuration list for PBXProject "Hackenschmidt" */ = {
			isa = XCConfigurationList;
			buildConfigurations = (
				DA80B0002BDFEE6400980333 /* Debug */,
				DA80B0012BDFEE6400980333 /* Release */,
			);
			defaultConfigurationIsVisible = 0;
			defaultConfigurationName = Release;
		};
		DA80B0022BDFEE6400980333 /* Build configuration list for PBXNativeTarget "Hackenschmidt" */ = {
			isa = XCConfigurationList;
			buildConfigurations = (
				DA80B0032BDFEE6400980333 /* Debug */,
				DA80B0042BDFEE6400980333 /* Release */,
			);
			defaultConfigurationIsVisible = 0;
			defaultConfigurationName = Release;
		};
/* End XCConfigurationList section */

/* Begin XCRemoteSwiftPackageReference section */
		D44210E22BFCAF9C000AC11D /* XCRemoteSwiftPackageReference "supabase-swift" */ = {
			isa = XCRemoteSwiftPackageReference;
			repositoryURL = "https://github.com/supabase-community/supabase-swift.git";
			requirement = {
				kind = upToNextMajorVersion;
				minimumVersion = 2.5.1;
			};
		};
		DAD2D3A82C21B61B00B1BA62 /* XCRemoteSwiftPackageReference "KeychainAccess" */ = {
			isa = XCRemoteSwiftPackageReference;
			repositoryURL = "https://github.com/kishikawakatsumi/KeychainAccess";
			requirement = {
				branch = master;
				kind = branch;
			};
		};
/* End XCRemoteSwiftPackageReference section */

/* Begin XCSwiftPackageProductDependency section */
		DAD2D3A92C21B61B00B1BA62 /* KeychainAccess */ = {
			isa = XCSwiftPackageProductDependency;
			package = DAD2D3A82C21B61B00B1BA62 /* XCRemoteSwiftPackageReference "KeychainAccess" */;
			productName = KeychainAccess;
		};
		DAD2D3AC2C21C1E800B1BA62 /* Supabase */ = {
			isa = XCSwiftPackageProductDependency;
			package = D44210E22BFCAF9C000AC11D /* XCRemoteSwiftPackageReference "supabase-swift" */;
			productName = Supabase;
		};
/* End XCSwiftPackageProductDependency section */

/* Begin XCVersionGroup section */
		DA80AFF52BDFEE6200980333 /* Hackenschmidt.xcdatamodeld */ = {
			isa = XCVersionGroup;
			children = (
				DA80AFF62BDFEE6200980333 /* Hackenschmidt.xcdatamodel */,
			);
			currentVersion = DA80AFF62BDFEE6200980333 /* Hackenschmidt.xcdatamodel */;
			path = Hackenschmidt.xcdatamodeld;
			sourceTree = "<group>";
			versionGroupType = wrapper.xcdatamodel;
		};
/* End XCVersionGroup section */
	};
	rootObject = DA80AFE62BDFEE6200980333 /* Project object */;
}
